// !$*UTF8*$!
{
	archiveVersion = 1;
	classes = {
	};
	objectVersion = 46;
	objects = {

/* Begin PBXBuildFile section */
		E53DF0F21B1E6040005F2A4A /* main.m in Sources */ = {isa = PBXBuildFile; fileRef = E53DF0F11B1E6040005F2A4A /* main.m */; };
		E53DF0F51B1E6040005F2A4A /* AppDelegate.m in Sources */ = {isa = PBXBuildFile; fileRef = E53DF0F41B1E6040005F2A4A /* AppDelegate.m */; };
		E53DF0F81B1E6040005F2A4A /* ViewController.m in Sources */ = {isa = PBXBuildFile; fileRef = E53DF0F71B1E6040005F2A4A /* ViewController.m */; };
		E53DF0FB1B1E6040005F2A4A /* Main.storyboard in Resources */ = {isa = PBXBuildFile; fileRef = E53DF0F91B1E6040005F2A4A /* Main.storyboard */; };
		E53DF0FD1B1E6040005F2A4A /* Images.xcassets in Resources */ = {isa = PBXBuildFile; fileRef = E53DF0FC1B1E6040005F2A4A /* Images.xcassets */; };
		E53DF1001B1E6040005F2A4A /* LaunchScreen.xib in Resources */ = {isa = PBXBuildFile; fileRef = E53DF0FE1B1E6040005F2A4A /* LaunchScreen.xib */; };
		E53DF10C1B1E6040005F2A4A /* ToDoListTests.m in Sources */ = {isa = PBXBuildFile; fileRef = E53DF10B1B1E6040005F2A4A /* ToDoListTests.m */; };
/* End PBXBuildFile section */

/* Begin PBXContainerItemProxy section */
		E53DF1061B1E6040005F2A4A /* PBXContainerItemProxy */ = {
			isa = PBXContainerItemProxy;
			containerPortal = E53DF0E41B1E6040005F2A4A /* Project object */;
			proxyType = 1;
			remoteGlobalIDString = E53DF0EB1B1E6040005F2A4A;
			remoteInfo = ToDoList;
		};
/* End PBXContainerItemProxy section */

/* Begin PBXFileReference section */
		E53DF0EC1B1E6040005F2A4A /* ToDoList.app */ = {isa = PBXFileReference; explicitFileType = wrapper.application; includeInIndex = 0; path = ToDoList.app; sourceTree = BUILT_PRODUCTS_DIR; };
		E53DF0F01B1E6040005F2A4A /* Info.plist */ = {isa = PBXFileReference; lastKnownFileType = text.plist.xml; path = Info.plist; sourceTree = "<group>"; };
		E53DF0F11B1E6040005F2A4A /* main.m */ = {isa = PBXFileReference; lastKnownFileType = sourcecode.c.objc; path = main.m; sourceTree = "<group>"; };
		E53DF0F31B1E6040005F2A4A /* AppDelegate.h */ = {isa = PBXFileReference; lastKnownFileType = sourcecode.c.h; path = AppDelegate.h; sourceTree = "<group>"; };
		E53DF0F41B1E6040005F2A4A /* AppDelegate.m */ = {isa = PBXFileReference; lastKnownFileType = sourcecode.c.objc; path = AppDelegate.m; sourceTree = "<group>"; };
		E53DF0F61B1E6040005F2A4A /* ViewController.h */ = {isa = PBXFileReference; lastKnownFileType = sourcecode.c.h; path = ViewController.h; sourceTree = "<group>"; };
		E53DF0F71B1E6040005F2A4A /* ViewController.m */ = {isa = PBXFileReference; lastKnownFileType = sourcecode.c.objc; path = ViewController.m; sourceTree = "<group>"; };
		E53DF0FA1B1E6040005F2A4A /* Base */ = {isa = PBXFileReference; lastKnownFileType = file.storyboard; name = Base; path = Base.lproj/Main.storyboard; sourceTree = "<group>"; };
		E53DF0FC1B1E6040005F2A4A /* Images.xcassets */ = {isa = PBXFileReference; lastKnownFileType = folder.assetcatalog; path = Images.xcassets; sourceTree = "<group>"; };
		E53DF0FF1B1E6040005F2A4A /* Base */ = {isa = PBXFileReference; lastKnownFileType = file.xib; name = Base; path = Base.lproj/LaunchScreen.xib; sourceTree = "<group>"; };
		E53DF1051B1E6040005F2A4A /* ToDoListTests.xctest */ = {isa = PBXFileReference; explicitFileType = wrapper.cfbundle; includeInIndex = 0; path = ToDoListTests.xctest; sourceTree = BUILT_PRODUCTS_DIR; };
		E53DF10A1B1E6040005F2A4A /* Info.plist */ = {isa = PBXFileReference; lastKnownFileType = text.plist.xml; path = Info.plist; sourceTree = "<group>"; };
		E53DF10B1B1E6040005F2A4A /* ToDoListTests.m */ = {isa = PBXFileReference; lastKnownFileType = sourcecode.c.objc; path = ToDoListTests.m; sourceTree = "<group>"; };
/* End PBXFileReference section */

/* Begin PBXFrameworksBuildPhase section */
		E53DF0E91B1E6040005F2A4A /* Frameworks */ = {
			isa = PBXFrameworksBuildPhase;
			buildActionMask = 2147483647;
			files = (
			);
			runOnlyForDeploymentPostprocessing = 0;
		};
		E53DF1021B1E6040005F2A4A /* Frameworks */ = {
			isa = PBXFrameworksBuildPhase;
			buildActionMask = 2147483647;
			files = (
			);
			runOnlyForDeploymentPostprocessing = 0;
		};
/* End PBXFrameworksBuildPhase section */

/* Begin PBXGroup section */
		E53DF0E31B1E6040005F2A4A = {
			isa = PBXGroup;
			children = (
				E53DF0EE1B1E6040005F2A4A /* ToDoList */,
				E53DF1081B1E6040005F2A4A /* ToDoListTests */,
				E53DF0ED1B1E6040005F2A4A /* Products */,
			);
			sourceTree = "<group>";
		};
		E53DF0ED1B1E6040005F2A4A /* Products */ = {
			isa = PBXGroup;
			children = (
				E53DF0EC1B1E6040005F2A4A /* ToDoList.app */,
				E53DF1051B1E6040005F2A4A /* ToDoListTests.xctest */,
			);
			name = Products;
			sourceTree = "<group>";
		};
		E53DF0EE1B1E6040005F2A4A /* ToDoList */ = {
			isa = PBXGroup;
			children = (
				E53DF0F31B1E6040005F2A4A /* AppDelegate.h */,
				E53DF0F41B1E6040005F2A4A /* AppDelegate.m */,
				E53DF0F61B1E6040005F2A4A /* ViewController.h */,
				E53DF0F71B1E6040005F2A4A /* ViewController.m */,
				E53DF0F91B1E6040005F2A4A /* Main.storyboard */,
				E53DF0FC1B1E6040005F2A4A /* Images.xcassets */,
				E53DF0FE1B1E6040005F2A4A /* LaunchScreen.xib */,
				E53DF0EF1B1E6040005F2A4A /* Supporting Files */,
			);
			path = ToDoList;
			sourceTree = "<group>";
		};
		E53DF0EF1B1E6040005F2A4A /* Supporting Files */ = {
			isa = PBXGroup;
			children = (
				E53DF0F01B1E6040005F2A4A /* Info.plist */,
				E53DF0F11B1E6040005F2A4A /* main.m */,
			);
			name = "Supporting Files";
			sourceTree = "<group>";
		};
		E53DF1081B1E6040005F2A4A /* ToDoListTests */ = {
			isa = PBXGroup;
			children = (
				E53DF10B1B1E6040005F2A4A /* ToDoListTests.m */,
				E53DF1091B1E6040005F2A4A /* Supporting Files */,
			);
			path = ToDoListTests;
			sourceTree = "<group>";
		};
		E53DF1091B1E6040005F2A4A /* Supporting Files */ = {
			isa = PBXGroup;
			children = (
				E53DF10A1B1E6040005F2A4A /* Info.plist */,
			);
			name = "Supporting Files";
			sourceTree = "<group>";
		};
/* End PBXGroup section */

/* Begin PBXNativeTarget section */
		E53DF0EB1B1E6040005F2A4A /* ToDoList */ = {
			isa = PBXNativeTarget;
			buildConfigurationList = E53DF10F1B1E6040005F2A4A /* Build configuration list for PBXNativeTarget "ToDoList" */;
			buildPhases = (
				E53DF0E81B1E6040005F2A4A /* Sources */,
				E53DF0E91B1E6040005F2A4A /* Frameworks */,
				E53DF0EA1B1E6040005F2A4A /* Resources */,
			);
			buildRules = (
			);
			dependencies = (
			);
			name = ToDoList;
			productName = ToDoList;
			productReference = E53DF0EC1B1E6040005F2A4A /* ToDoList.app */;
			productType = "com.apple.product-type.application";
		};
		E53DF1041B1E6040005F2A4A /* ToDoListTests */ = {
			isa = PBXNativeTarget;
			buildConfigurationList = E53DF1121B1E6040005F2A4A /* Build configuration list for PBXNativeTarget "ToDoListTests" */;
			buildPhases = (
				E53DF1011B1E6040005F2A4A /* Sources */,
				E53DF1021B1E6040005F2A4A /* Frameworks */,
				E53DF1031B1E6040005F2A4A /* Resources */,
			);
			buildRules = (
			);
			dependencies = (
				E53DF1071B1E6040005F2A4A /* PBXTargetDependency */,
			);
			name = ToDoListTests;
			productName = ToDoListTests;
			productReference = E53DF1051B1E6040005F2A4A /* ToDoListTests.xctest */;
			productType = "com.apple.product-type.bundle.unit-test";
		};
/* End PBXNativeTarget section */

/* Begin PBXProject section */
		E53DF0E41B1E6040005F2A4A /* Project object */ = {
			isa = PBXProject;
			attributes = {
				LastUpgradeCheck = 0630;
				ORGANIZATIONNAME = "Mo Li";
				TargetAttributes = {
					E53DF0EB1B1E6040005F2A4A = {
						CreatedOnToolsVersion = 6.3.1;
					};
					E53DF1041B1E6040005F2A4A = {
						CreatedOnToolsVersion = 6.3.1;
						TestTargetID = E53DF0EB1B1E6040005F2A4A;
					};
				};
			};
			buildConfigurationList = E53DF0E71B1E6040005F2A4A /* Build configuration list for PBXProject "ToDoList" */;
			compatibilityVersion = "Xcode 3.2";
			developmentRegion = English;
			hasScannedForEncodings = 0;
			knownRegions = (
				en,
				Base,
			);
			mainGroup = E53DF0E31B1E6040005F2A4A;
			productRefGroup = E53DF0ED1B1E6040005F2A4A /* Products */;
			projectDirPath = "";
			projectRoot = "";
			targets = (
				E53DF0EB1B1E6040005F2A4A /* ToDoList */,
				E53DF1041B1E6040005F2A4A /* ToDoListTests */,
			);
		};
/* End PBXProject section */

/* Begin PBXResourcesBuildPhase section */
		E53DF0EA1B1E6040005F2A4A /* Resources */ = {
			isa = PBXResourcesBuildPhase;
			buildActionMask = 2147483647;
			files = (
				E53DF0FB1B1E6040005F2A4A /* Main.storyboard in Resources */,
				E53DF1001B1E6040005F2A4A /* LaunchScreen.xib in Resources */,
				E53DF0FD1B1E6040005F2A4A /* Images.xcassets in Resources */,
			);
			runOnlyForDeploymentPostprocessing = 0;
		};
		E53DF1031B1E6040005F2A4A /* Resources */ = {
			isa = PBXResourcesBuildPhase;
			buildActionMask = 2147483647;
			files = (
			);
			runOnlyForDeploymentPostprocessing = 0;
		};
/* End PBXResourcesBuildPhase section */

/* Begin PBXSourcesBuildPhase section */
		E53DF0E81B1E6040005F2A4A /* Sources */ = {
			isa = PBXSourcesBuildPhase;
			buildActionMask = 2147483647;
			files = (
				E53DF0F81B1E6040005F2A4A /* ViewController.m in Sources */,
				E53DF0F51B1E6040005F2A4A /* AppDelegate.m in Sources */,
				E53DF0F21B1E6040005F2A4A /* main.m in Sources */,
			);
			runOnlyForDeploymentPostprocessing = 0;
		};
		E53DF1011B1E6040005F2A4A /* Sources */ = {
			isa = PBXSourcesBuildPhase;
			buildActionMask = 2147483647;
			files = (
				E53DF10C1B1E6040005F2A4A /* ToDoListTests.m in Sources */,
			);
			runOnlyForDeploymentPostprocessing = 0;
		};
/* End PBXSourcesBuildPhase section */

/* Begin PBXTargetDependency section */
		E53DF1071B1E6040005F2A4A /* PBXTargetDependency */ = {
			isa = PBXTargetDependency;
			target = E53DF0EB1B1E6040005F2A4A /* ToDoList */;
			targetProxy = E53DF1061B1E6040005F2A4A /* PBXContainerItemProxy */;
		};
/* End PBXTargetDependency section */

/* Begin PBXVariantGroup section */
		E53DF0F91B1E6040005F2A4A /* Main.storyboard */ = {
			isa = PBXVariantGroup;
			children = (
				E53DF0FA1B1E6040005F2A4A /* Base */,
			);
			name = Main.storyboard;
			sourceTree = "<group>";
		};
		E53DF0FE1B1E6040005F2A4A /* LaunchScreen.xib */ = {
			isa = PBXVariantGroup;
			children = (
				E53DF0FF1B1E6040005F2A4A /* Base */,
			);
			name = LaunchScreen.xib;
			sourceTree = "<group>";
		};
/* End PBXVariantGroup section */

/* Begin XCBuildConfiguration section */
		E53DF10D1B1E6040005F2A4A /* Debug */ = {
			isa = XCBuildConfiguration;
			buildSettings = {
				ALWAYS_SEARCH_USER_PATHS = NO;
				CLANG_CXX_LANGUAGE_STANDARD = "gnu++0x";
				CLANG_CXX_LIBRARY = "libc++";
				CLANG_ENABLE_MODULES = YES;
				CLANG_ENABLE_OBJC_ARC = YES;
				CLANG_WARN_BOOL_CONVERSION = YES;
				CLANG_WARN_CONSTANT_CONVERSION = YES;
				CLANG_WARN_DIRECT_OBJC_ISA_USAGE = YES_ERROR;
				CLANG_WARN_EMPTY_BODY = YES;
				CLANG_WARN_ENUM_CONVERSION = YES;
				CLANG_WARN_INT_CONVERSION = YES;
				CLANG_WARN_OBJC_ROOT_CLASS = YES_ERROR;
				CLANG_WARN_UNREACHABLE_CODE = YES;
				CLANG_WARN__DUPLICATE_METHOD_MATCH = YES;
				"CODE_SIGN_IDENTITY[sdk=iphoneos*]" = "iPhone Developer";
				COPY_PHASE_STRIP = NO;
				DEBUG_INFORMATION_FORMAT = "dwarf-with-dsym";
				ENABLE_STRICT_OBJC_MSGSEND = YES;
				GCC_C_LANGUAGE_STANDARD = gnu99;
				GCC_DYNAMIC_NO_PIC = NO;
				GCC_NO_COMMON_BLOCKS = YES;
				GCC_OPTIMIZATION_LEVEL = 0;
				GCC_PREPROCESSOR_DEFINITIONS = (
					"DEBUG=1",
					"$(inherited)",
				);
				GCC_SYMBOLS_PRIVATE_EXTERN = NO;
				GCC_WARN_64_TO_32_BIT_CONVERSION = YES;
				GCC_WARN_ABOUT_RETURN_TYPE = YES_ERROR;
				GCC_WARN_UNDECLARED_SELECTOR = YES;
				GCC_WARN_UNINITIALIZED_AUTOS = YES_AGGRESSIVE;
				GCC_WARN_UNUSED_FUNCTION = YES;
				GCC_WARN_UNUSED_VARIABLE = YES;
				IPHONEOS_DEPLOYMENT_TARGET = 8.3;
				MTL_ENABLE_DEBUG_INFO = YES;
				ONLY_ACTIVE_ARCH = YES;
				SDKROOT = iphoneos;
				TARGETED_DEVICE_FAMILY = "1,2";
			};
			name = Debug;
		};
		E53DF10E1B1E6040005F2A4A /* Release */ = {
			isa = XCBuildConfiguration;
			buildSettings = {
				ALWAYS_SEARCH_USER_PATHS = NO;
				CLANG_CXX_LANGUAGE_STANDARD = "gnu++0x";
				CLANG_CXX_LIBRARY = "libc++";
				CLANG_ENABLE_MODULES = YES;
				CLANG_ENABLE_OBJC_ARC = YES;
				CLANG_WARN_BOOL_CONVERSION = YES;
				CLANG_WARN_CONSTANT_CONVERSION = YES;
				CLANG_WARN_DIRECT_OBJC_ISA_USAGE = YES_ERROR;
				CLANG_WARN_EMPTY_BODY = YES;
				CLANG_WARN_ENUM_CONVERSION = YES;
				CLANG_WARN_INT_CONVERSION = YES;
				CLANG_WARN_OBJC_ROOT_CLASS = YES_ERROR;
				CLANG_WARN_UNREACHABLE_CODE = YES;
				CLANG_WARN__DUPLICATE_METHOD_MATCH = YES;
				"CODE_SIGN_IDENTITY[sdk=iphoneos*]" = "iPhone Developer";
				COPY_PHASE_STRIP = NO;
				DEBUG_INFORMATION_FORMAT = "dwarf-with-dsym";
				ENABLE_NS_ASSERTIONS = NO;
				ENABLE_STRICT_OBJC_MSGSEND = YES;
				GCC_C_LANGUAGE_STANDARD = gnu99;
				GCC_NO_COMMON_BLOCKS = YES;
				GCC_WARN_64_TO_32_BIT_CONVERSION = YES;
				GCC_WARN_ABOUT_RETURN_TYPE = YES_ERROR;
				GCC_WARN_UNDECLARED_SELECTOR = YES;
				GCC_WARN_UNINITIALIZED_AUTOS = YES_AGGRESSIVE;
				GCC_WARN_UNUSED_FUNCTION = YES;
				GCC_WARN_UNUSED_VARIABLE = YES;
				IPHONEOS_DEPLOYMENT_TARGET = 8.3;
				MTL_ENABLE_DEBUG_INFO = NO;
				SDKROOT = iphoneos;
				TARGETED_DEVICE_FAMILY = "1,2";
				VALIDATE_PRODUCT = YES;
			};
			name = Release;
		};
		E53DF1101B1E6040005F2A4A /* Debug */ = {
			isa = XCBuildConfiguration;
			buildSettings = {
				ASSETCATALOG_COMPILER_APPICON_NAME = AppIcon;
				INFOPLIST_FILE = ToDoList/Info.plist;
				LD_RUNPATH_SEARCH_PATHS = "$(inherited) @executable_path/Frameworks";
				PRODUCT_NAME = "$(TARGET_NAME)";
			};
			name = Debug;
		};
		E53DF1111B1E6040005F2A4A /* Release */ = {
			isa = XCBuildConfiguration;
			buildSettings = {
				ASSETCATALOG_COMPILER_APPICON_NAME = AppIcon;
				INFOPLIST_FILE = ToDoList/Info.plist;
				LD_RUNPATH_SEARCH_PATHS = "$(inherited) @executable_path/Frameworks";
				PRODUCT_NAME = "$(TARGET_NAME)";
			};
			name = Release;
		};
		E53DF1131B1E6040005F2A4A /* Debug */ = {
			isa = XCBuildConfiguration;
			buildSettings = {
				BUNDLE_LOADER = "$(TEST_HOST)";
				FRAMEWORK_SEARCH_PATHS = (
					"$(SDKROOT)/Developer/Library/Frameworks",
					"$(inherited)",
				);
				GCC_PREPROCESSOR_DEFINITIONS = (
					"DEBUG=1",
					"$(inherited)",
				);
				INFOPLIST_FILE = ToDoListTests/Info.plist;
				LD_RUNPATH_SEARCH_PATHS = "$(inherited) @executable_path/Frameworks @loader_path/Frameworks";
				PRODUCT_NAME = "$(TARGET_NAME)";
				TEST_HOST = "$(BUILT_PRODUCTS_DIR)/ToDoList.app/ToDoList";
			};
			name = Debug;
		};
		E53DF1141B1E6040005F2A4A /* Release */ = {
			isa = XCBuildConfiguration;
			buildSettings = {
				BUNDLE_LOADER = "$(TEST_HOST)";
				FRAMEWORK_SEARCH_PATHS = (
					"$(SDKROOT)/Developer/Library/Frameworks",
					"$(inherited)",
				);
				INFOPLIST_FILE = ToDoListTests/Info.plist;
				LD_RUNPATH_SEARCH_PATHS = "$(inherited) @executable_path/Frameworks @loader_path/Frameworks";
				PRODUCT_NAME = "$(TARGET_NAME)";
				TEST_HOST = "$(BUILT_PRODUCTS_DIR)/ToDoList.app/ToDoList";
			};
			name = Release;
		};
/* End XCBuildConfiguration section */

/* Begin XCConfigurationList section */
		E53DF0E71B1E6040005F2A4A /* Build configuration list for PBXProject "ToDoList" */ = {
			isa = XCConfigurationList;
			buildConfigurations = (
				E53DF10D1B1E6040005F2A4A /* Debug */,
				E53DF10E1B1E6040005F2A4A /* Release */,
			);
			defaultConfigurationIsVisible = 0;
			defaultConfigurationName = Release;
		};
		E53DF10F1B1E6040005F2A4A /* Build configuration list for PBXNativeTarget "ToDoList" */ = {
			isa = XCConfigurationList;
			buildConfigurations = (
				E53DF1101B1E6040005F2A4A /* Debug */,
				E53DF1111B1E6040005F2A4A /* Release */,
			);
			defaultConfigurationIsVisible = 0;
		};
		E53DF1121B1E6040005F2A4A /* Build configuration list for PBXNativeTarget "ToDoListTests" */ = {
			isa = XCConfigurationList;
			buildConfigurations = (
				E53DF1131B1E6040005F2A4A /* Debug */,
				E53DF1141B1E6040005F2A4A /* Release */,
			);
			defaultConfigurationIsVisible = 0;
		};
/* End XCConfigurationList section */
	};
	rootObject = E53DF0E41B1E6040005F2A4A /* Project object */;
}
